
Microsoft Visual Studio Solution File, Format Version 12.00
# Visual Studio Version 17
VisualStudioVersion = 17.1.31903.286
MinimumVisualStudioVersion = 10.0.40219.1
Project("{2150E333-8FDC-42A3-9474-1A3956D46DE8}") = "Solution Items", "Solution Items", "{FC3ACE58-2F97-4C47-BEAA-BCF94AC44995}"
	ProjectSection(SolutionItems) = preProject
		.editorconfig = .editorconfig
		.gitignore = .gitignore
		nuget.config = nuget.config
	EndProjectSection
EndProject
Project("{9A19103F-16F7-4668-BE54-9A1E7A4F7556}") = "Settings", "src\Settings\Settings.csproj", "{7D69FE38-5F33-4E44-A064-D66B241AA937}"
EndProject
Project("{2150E333-8FDC-42A3-9474-1A3956D46DE8}") = "src", "src", "{6BAB90FA-CACE-42A4-9997-09B44375D60D}"
EndProject
Project("{FAE04EC0-301F-11D3-BF4B-00C04F79EFBC}") = "Weather", "src\Weather\Weather.csproj", "{B5FD5A23-8563-486F-80EC-6ACC4CC0ED01}"
EndProject
Project("{FAE04EC0-301F-11D3-BF4B-00C04F79EFBC}") = "Web", "src\Web\Web.csproj", "{D1219D99-998B-4B93-ACF3-A5A2AF56E201}"
EndProject
Global
	GlobalSection(SolutionConfigurationPlatforms) = preSolution
		Debug|Any CPU = Debug|Any CPU
		Release|Any CPU = Release|Any CPU
	EndGlobalSection
	GlobalSection(ProjectConfigurationPlatforms) = postSolution
		{7D69FE38-5F33-4E44-A064-D66B241AA937}.Debug|Any CPU.ActiveCfg = Debug|Any CPU
		{7D69FE38-5F33-4E44-A064-D66B241AA937}.Debug|Any CPU.Build.0 = Debug|Any CPU
		{7D69FE38-5F33-4E44-A064-D66B241AA937}.Release|Any CPU.ActiveCfg = Release|Any CPU
		{7D69FE38-5F33-4E44-A064-D66B241AA937}.Release|Any CPU.Build.0 = Release|Any CPU
		{B5FD5A23-8563-486F-80EC-6ACC4CC0ED01}.Debug|Any CPU.ActiveCfg = Debug|Any CPU
		{B5FD5A23-8563-486F-80EC-6ACC4CC0ED01}.Debug|Any CPU.Build.0 = Debug|Any CPU
		{B5FD5A23-8563-486F-80EC-6ACC4CC0ED01}.Release|Any CPU.ActiveCfg = Release|Any CPU
		{B5FD5A23-8563-486F-80EC-6ACC4CC0ED01}.Release|Any CPU.Build.0 = Release|Any CPU
		{D1219D99-998B-4B93-ACF3-A5A2AF56E201}.Debug|Any CPU.ActiveCfg = Debug|Any CPU
		{D1219D99-998B-4B93-ACF3-A5A2AF56E201}.Debug|Any CPU.Build.0 = Debug|Any CPU
		{D1219D99-998B-4B93-ACF3-A5A2AF56E201}.Release|Any CPU.ActiveCfg = Release|Any CPU
		{D1219D99-998B-4B93-ACF3-A5A2AF56E201}.Release|Any CPU.Build.0 = Release|Any CPU
	EndGlobalSection
	GlobalSection(SolutionProperties) = preSolution
		HideSolutionNode = FALSE
	EndGlobalSection
	GlobalSection(NestedProjects) = preSolution
		{7D69FE38-5F33-4E44-A064-D66B241AA937} = {6BAB90FA-CACE-42A4-9997-09B44375D60D}
		{B5FD5A23-8563-486F-80EC-6ACC4CC0ED01} = {6BAB90FA-CACE-42A4-9997-09B44375D60D}
		{D1219D99-998B-4B93-ACF3-A5A2AF56E201} = {6BAB90FA-CACE-42A4-9997-09B44375D60D}
	EndGlobalSection
	GlobalSection(ExtensibilityGlobals) = postSolution
		SolutionGuid = {886BF183-C640-49AB-8F73-88D3C074CCE5}
	EndGlobalSection
EndGlobal
